
Microsoft Visual Studio Solution File, Format Version 12.00
# Visual Studio Version 16
VisualStudioVersion = 16.0.29709.97
MinimumVisualStudioVersion = 10.0.40219.1
Project("{FAE04EC0-301F-11D3-BF4B-00C04F79EFBC}") = "DotNetApiDemo", "DotNetApiDemo.csproj", "{5D59E2F6-EB2A-4C3C-9693-683D29189C31}"
EndProject
Global
	GlobalSection(SolutionConfigurationPlatforms) = preSolution
		Debug|Any CPU = Debug|Any CPU
		Release|Any CPU = Release|Any CPU
	EndGlobalSection
	GlobalSection(ProjectConfigurationPlatforms) = postSolution
		{5D59E2F6-EB2A-4C3C-9693-683D29189C31}.Debug|Any CPU.ActiveCfg = Debug|Any CPU
		{5D59E2F6-EB2A-4C3C-9693-683D29189C31}.Debug|Any CPU.Build.0 = Debug|Any CPU
		{5D59E2F6-EB2A-4C3C-9693-683D29189C31}.Release|Any CPU.ActiveCfg = Release|Any CPU
		{5D59E2F6-EB2A-4C3C-9693-683D29189C31}.Release|Any CPU.Build.0 = Release|Any CPU
	EndGlobalSection
	GlobalSection(SolutionProperties) = preSolution
		HideSolutionNode = FALSE
	EndGlobalSection
	GlobalSection(ExtensibilityGlobals) = postSolution
		SolutionGuid = {19057D06-5839-4B99-9F46-9A6C8B775933}
	EndGlobalSection
EndGlobal
